
Microsoft Visual Studio Solution File, Format Version 12.00
# Visual Studio Version 17
VisualStudioVersion = 17.0.32002.185
MinimumVisualStudioVersion = 10.0.40219.1
Project("{9A19103F-16F7-4668-BE54-9A1E7A4F7556}") = "TPPweb2122", "TPPweb2122\TPPweb2122.csproj", "{F4FD5FDD-CD3D-4ED4-93F0-3513AE9B1C21}"
EndProject
Global
	GlobalSection(SolutionConfigurationPlatforms) = preSolution
		Debug|Any CPU = Debug|Any CPU
		Release|Any CPU = Release|Any CPU
	EndGlobalSection
	GlobalSection(ProjectConfigurationPlatforms) = postSolution
		{F4FD5FDD-CD3D-4ED4-93F0-3513AE9B1C21}.Debug|Any CPU.ActiveCfg = Debug|Any CPU
		{F4FD5FDD-CD3D-4ED4-93F0-3513AE9B1C21}.Debug|Any CPU.Build.0 = Debug|Any CPU
		{F4FD5FDD-CD3D-4ED4-93F0-3513AE9B1C21}.Release|Any CPU.ActiveCfg = Release|Any CPU
		{F4FD5FDD-CD3D-4ED4-93F0-3513AE9B1C21}.Release|Any CPU.Build.0 = Release|Any CPU
	EndGlobalSection
	GlobalSection(SolutionProperties) = preSolution
		HideSolutionNode = FALSE
	EndGlobalSection
	GlobalSection(ExtensibilityGlobals) = postSolution
		SolutionGuid = {F0D271B6-6457-4B24-9655-EAC8769F8FC3}
	EndGlobalSection
EndGlobal
